
Microsoft Visual Studio Solution File, Format Version 12.00
Project("{FAE04EC0-301F-11D3-BF4B-00C04F79EFBC}") = "TelegramChat", "TelegramChat\TelegramChat.csproj", "{DAED4006-D3FF-4A99-BF30-C3E488D45718}"
EndProject
Global
	GlobalSection(SolutionConfigurationPlatforms) = preSolution
		Debug|Any CPU = Debug|Any CPU
		Release|Any CPU = Release|Any CPU
	EndGlobalSection
	GlobalSection(ProjectConfigurationPlatforms) = postSolution
		{DAED4006-D3FF-4A99-BF30-C3E488D45718}.Debug|Any CPU.ActiveCfg = Debug|Any CPU
		{DAED4006-D3FF-4A99-BF30-C3E488D45718}.Debug|Any CPU.Build.0 = Debug|Any CPU
		{DAED4006-D3FF-4A99-BF30-C3E488D45718}.Release|Any CPU.ActiveCfg = Release|Any CPU
		{DAED4006-D3FF-4A99-BF30-C3E488D45718}.Release|Any CPU.Build.0 = Release|Any CPU
	EndGlobalSection
EndGlobal
