
Microsoft Visual Studio Solution File, Format Version 12.00
Project("{FAE04EC0-301F-11D3-BF4B-00C04F79EFBC}") = "FluentDateTimeDemo", "FluentDateTimeDemo\FluentDateTimeDemo.csproj", "{56C031CA-4A29-4FFD-84F3-83C10F475405}"
EndProject
Project("{FAE04EC0-301F-11D3-BF4B-00C04F79EFBC}") = "HumanizerDemo", "HumanizerDemo\HumanizerDemo.csproj", "{FA2D76BC-B958-447A-881D-D365C48C1022}"
EndProject
Project("{FAE04EC0-301F-11D3-BF4B-00C04F79EFBC}") = "MaestriaDataExtensionsDemo", "MaestriaDataExtensionsDemo\MaestriaDataExtensionsDemo.csproj", "{0506E634-68EA-471F-8133-B99CE3307311}"
EndProject
Project("{FAE04EC0-301F-11D3-BF4B-00C04F79EFBC}") = "MaestriaExtensionsDemo", "MaestriaExtensionsDemo\MaestriaExtensionsDemo.csproj", "{9530AFF6-1A28-4E01-BE3B-096E0D773622}"
EndProject
Project("{FAE04EC0-301F-11D3-BF4B-00C04F79EFBC}") = "MaestriaFluentCastDemo", "MaestriaFluentCastDemo\MaestriaFluentCastDemo.csproj", "{22A048E4-8912-436C-8873-3D17339971E7}"
EndProject
Project("{FAE04EC0-301F-11D3-BF4B-00C04F79EFBC}") = "StringFormatDemo", "StringFormatDemo\StringFormatDemo.csproj", "{6BDDCE0B-BB8B-4657-B7B7-5C229499E6BD}"
EndProject
Project("{FAE04EC0-301F-11D3-BF4B-00C04F79EFBC}") = "MessageFormatDemo", "MessageFormatDemo\MessageFormatDemo.csproj", "{2B8D616B-89B0-4E27-8C8B-3E7AC206AA99}"
EndProject
Project("{FAE04EC0-301F-11D3-BF4B-00C04F79EFBC}") = "SerilogDemo", "SerilogDemo\SerilogDemo.csproj", "{96A6F5F5-D274-48B5-89FB-805E6B0E535F}"
EndProject
Project("{2150E333-8FDC-42A3-9474-1A3956D46DE8}") = "Syntax Extensions", "Syntax Extensions", "{5DF70280-D856-4851-AACF-8D595C440C84}"
EndProject
Project("{2150E333-8FDC-42A3-9474-1A3956D46DE8}") = "Logs", "Logs", "{EF699991-3D75-4718-970F-DAA34B0021F5}"
EndProject
Project("{2150E333-8FDC-42A3-9474-1A3956D46DE8}") = "Data", "Data", "{7B075016-8B71-49B6-A8B5-4D6DB9C32B98}"
EndProject
Project("{FAE04EC0-301F-11D3-BF4B-00C04F79EFBC}") = "NLogDemo", "NLogDemo\NLogDemo.csproj", "{BD57494E-8F5B-4F3F-9893-D59E7D8ACFE8}"
EndProject
Project("{FAE04EC0-301F-11D3-BF4B-00C04F79EFBC}") = "FlurlDemo", "FlurlDemo\FlurlDemo.csproj", "{B88FE21F-3A19-4312-B8CD-423DE04AD696}"
EndProject
Global
	GlobalSection(SolutionConfigurationPlatforms) = preSolution
		Debug|Any CPU = Debug|Any CPU
		Release|Any CPU = Release|Any CPU
	EndGlobalSection
	GlobalSection(ProjectConfigurationPlatforms) = postSolution
		{56C031CA-4A29-4FFD-84F3-83C10F475405}.Debug|Any CPU.ActiveCfg = Debug|Any CPU
		{56C031CA-4A29-4FFD-84F3-83C10F475405}.Debug|Any CPU.Build.0 = Debug|Any CPU
		{56C031CA-4A29-4FFD-84F3-83C10F475405}.Release|Any CPU.ActiveCfg = Release|Any CPU
		{56C031CA-4A29-4FFD-84F3-83C10F475405}.Release|Any CPU.Build.0 = Release|Any CPU
		{FA2D76BC-B958-447A-881D-D365C48C1022}.Debug|Any CPU.ActiveCfg = Debug|Any CPU
		{FA2D76BC-B958-447A-881D-D365C48C1022}.Debug|Any CPU.Build.0 = Debug|Any CPU
		{FA2D76BC-B958-447A-881D-D365C48C1022}.Release|Any CPU.ActiveCfg = Release|Any CPU
		{FA2D76BC-B958-447A-881D-D365C48C1022}.Release|Any CPU.Build.0 = Release|Any CPU
		{0506E634-68EA-471F-8133-B99CE3307311}.Debug|Any CPU.ActiveCfg = Debug|Any CPU
		{0506E634-68EA-471F-8133-B99CE3307311}.Debug|Any CPU.Build.0 = Debug|Any CPU
		{0506E634-68EA-471F-8133-B99CE3307311}.Release|Any CPU.ActiveCfg = Release|Any CPU
		{0506E634-68EA-471F-8133-B99CE3307311}.Release|Any CPU.Build.0 = Release|Any CPU
		{9530AFF6-1A28-4E01-BE3B-096E0D773622}.Debug|Any CPU.ActiveCfg = Debug|Any CPU
		{9530AFF6-1A28-4E01-BE3B-096E0D773622}.Debug|Any CPU.Build.0 = Debug|Any CPU
		{9530AFF6-1A28-4E01-BE3B-096E0D773622}.Release|Any CPU.ActiveCfg = Release|Any CPU
		{9530AFF6-1A28-4E01-BE3B-096E0D773622}.Release|Any CPU.Build.0 = Release|Any CPU
		{22A048E4-8912-436C-8873-3D17339971E7}.Debug|Any CPU.ActiveCfg = Debug|Any CPU
		{22A048E4-8912-436C-8873-3D17339971E7}.Debug|Any CPU.Build.0 = Debug|Any CPU
		{22A048E4-8912-436C-8873-3D17339971E7}.Release|Any CPU.ActiveCfg = Release|Any CPU
		{22A048E4-8912-436C-8873-3D17339971E7}.Release|Any CPU.Build.0 = Release|Any CPU
		{6BDDCE0B-BB8B-4657-B7B7-5C229499E6BD}.Debug|Any CPU.ActiveCfg = Debug|Any CPU
		{6BDDCE0B-BB8B-4657-B7B7-5C229499E6BD}.Debug|Any CPU.Build.0 = Debug|Any CPU
		{6BDDCE0B-BB8B-4657-B7B7-5C229499E6BD}.Release|Any CPU.ActiveCfg = Release|Any CPU
		{6BDDCE0B-BB8B-4657-B7B7-5C229499E6BD}.Release|Any CPU.Build.0 = Release|Any CPU
		{2B8D616B-89B0-4E27-8C8B-3E7AC206AA99}.Debug|Any CPU.ActiveCfg = Debug|Any CPU
		{2B8D616B-89B0-4E27-8C8B-3E7AC206AA99}.Debug|Any CPU.Build.0 = Debug|Any CPU
		{2B8D616B-89B0-4E27-8C8B-3E7AC206AA99}.Release|Any CPU.ActiveCfg = Release|Any CPU
		{2B8D616B-89B0-4E27-8C8B-3E7AC206AA99}.Release|Any CPU.Build.0 = Release|Any CPU
		{96A6F5F5-D274-48B5-89FB-805E6B0E535F}.Debug|Any CPU.ActiveCfg = Debug|Any CPU
		{96A6F5F5-D274-48B5-89FB-805E6B0E535F}.Debug|Any CPU.Build.0 = Debug|Any CPU
		{96A6F5F5-D274-48B5-89FB-805E6B0E535F}.Release|Any CPU.ActiveCfg = Release|Any CPU
		{96A6F5F5-D274-48B5-89FB-805E6B0E535F}.Release|Any CPU.Build.0 = Release|Any CPU
		{BD57494E-8F5B-4F3F-9893-D59E7D8ACFE8}.Debug|Any CPU.ActiveCfg = Debug|Any CPU
		{BD57494E-8F5B-4F3F-9893-D59E7D8ACFE8}.Debug|Any CPU.Build.0 = Debug|Any CPU
		{BD57494E-8F5B-4F3F-9893-D59E7D8ACFE8}.Release|Any CPU.ActiveCfg = Release|Any CPU
		{BD57494E-8F5B-4F3F-9893-D59E7D8ACFE8}.Release|Any CPU.Build.0 = Release|Any CPU
		{B88FE21F-3A19-4312-B8CD-423DE04AD696}.Debug|Any CPU.ActiveCfg = Debug|Any CPU
		{B88FE21F-3A19-4312-B8CD-423DE04AD696}.Debug|Any CPU.Build.0 = Debug|Any CPU
		{B88FE21F-3A19-4312-B8CD-423DE04AD696}.Release|Any CPU.ActiveCfg = Release|Any CPU
		{B88FE21F-3A19-4312-B8CD-423DE04AD696}.Release|Any CPU.Build.0 = Release|Any CPU
	EndGlobalSection
	GlobalSection(NestedProjects) = preSolution
		{96A6F5F5-D274-48B5-89FB-805E6B0E535F} = {EF699991-3D75-4718-970F-DAA34B0021F5}
		{56C031CA-4A29-4FFD-84F3-83C10F475405} = {5DF70280-D856-4851-AACF-8D595C440C84}
		{FA2D76BC-B958-447A-881D-D365C48C1022} = {5DF70280-D856-4851-AACF-8D595C440C84}
		{0506E634-68EA-471F-8133-B99CE3307311} = {7B075016-8B71-49B6-A8B5-4D6DB9C32B98}
		{9530AFF6-1A28-4E01-BE3B-096E0D773622} = {5DF70280-D856-4851-AACF-8D595C440C84}
		{22A048E4-8912-436C-8873-3D17339971E7} = {5DF70280-D856-4851-AACF-8D595C440C84}
		{2B8D616B-89B0-4E27-8C8B-3E7AC206AA99} = {5DF70280-D856-4851-AACF-8D595C440C84}
		{6BDDCE0B-BB8B-4657-B7B7-5C229499E6BD} = {5DF70280-D856-4851-AACF-8D595C440C84}
		{BD57494E-8F5B-4F3F-9893-D59E7D8ACFE8} = {EF699991-3D75-4718-970F-DAA34B0021F5}
		{B88FE21F-3A19-4312-B8CD-423DE04AD696} = {5DF70280-D856-4851-AACF-8D595C440C84}
	EndGlobalSection
EndGlobal
